
Microsoft Visual Studio Solution File, Format Version 12.00
# Visual Studio Version 16
VisualStudioVersion = 16.0.30907.101
MinimumVisualStudioVersion = 10.0.40219.1
Project("{FAE04EC0-301F-11D3-BF4B-00C04F79EFBC}") = "StorySpotPlaylist", "StorySpotPlaylist.csproj", "{9AF1EC54-BE08-49EA-A5B7-19AECC2CF600}"
EndProject
Global
	GlobalSection(SolutionConfigurationPlatforms) = preSolution
		Debug|Any CPU = Debug|Any CPU
		Release|Any CPU = Release|Any CPU
	EndGlobalSection
	GlobalSection(ProjectConfigurationPlatforms) = postSolution
		{9AF1EC54-BE08-49EA-A5B7-19AECC2CF600}.Debug|Any CPU.ActiveCfg = Debug|Any CPU
		{9AF1EC54-BE08-49EA-A5B7-19AECC2CF600}.Debug|Any CPU.Build.0 = Debug|Any CPU
		{9AF1EC54-BE08-49EA-A5B7-19AECC2CF600}.Release|Any CPU.ActiveCfg = Release|Any CPU
		{9AF1EC54-BE08-49EA-A5B7-19AECC2CF600}.Release|Any CPU.Build.0 = Release|Any CPU
	EndGlobalSection
	GlobalSection(SolutionProperties) = preSolution
		HideSolutionNode = FALSE
	EndGlobalSection
	GlobalSection(ExtensibilityGlobals) = postSolution
		SolutionGuid = {5CF6D179-E17B-4E2D-BE30-4B44310697FE}
	EndGlobalSection
EndGlobal
